
Microsoft Visual Studio Solution File, Format Version 12.00
# Visual Studio 15
VisualStudioVersion = 15.0.27004.2002
MinimumVisualStudioVersion = 10.0.40219.1
Project("{FAE04EC0-301F-11D3-BF4B-00C04F79EFBC}") = "App5.Android", "App5\App5.Android\App5.Android.csproj", "{764BEF09-6BD3-40A4-8BD4-4B0EB9F9F72B}"
EndProject
Project("{FAE04EC0-301F-11D3-BF4B-00C04F79EFBC}") = "App5", "App5\App5\App5.csproj", "{D1A17DC6-79BA-47A5-87F9-47AEF358D8FA}"
EndProject
Project("{FAE04EC0-301F-11D3-BF4B-00C04F79EFBC}") = "App5.UWP", "App5\App5.UWP\App5.UWP.csproj", "{FAC94A08-78E8-4F86-AB73-5390A182A11D}"
EndProject
Project("{FAE04EC0-301F-11D3-BF4B-00C04F79EFBC}") = "App5.iOS", "App5\App5.iOS\App5.iOS.csproj", "{FA4A91EB-C721-4942-A8DA-5703D35B66D5}"
EndProject
Global
	GlobalSection(SolutionConfigurationPlatforms) = preSolution
		Ad-Hoc|Any CPU = Ad-Hoc|Any CPU
		Ad-Hoc|ARM = Ad-Hoc|ARM
		Ad-Hoc|iPhone = Ad-Hoc|iPhone
		Ad-Hoc|iPhoneSimulator = Ad-Hoc|iPhoneSimulator
		Ad-Hoc|x64 = Ad-Hoc|x64
		Ad-Hoc|x86 = Ad-Hoc|x86
		AppStore|Any CPU = AppStore|Any CPU
		AppStore|ARM = AppStore|ARM
		AppStore|iPhone = AppStore|iPhone
		AppStore|iPhoneSimulator = AppStore|iPhoneSimulator
		AppStore|x64 = AppStore|x64
		AppStore|x86 = AppStore|x86
		Debug|Any CPU = Debug|Any CPU
		Debug|ARM = Debug|ARM
		Debug|iPhone = Debug|iPhone
		Debug|iPhoneSimulator = Debug|iPhoneSimulator
		Debug|x64 = Debug|x64
		Debug|x86 = Debug|x86
		Release|Any CPU = Release|Any CPU
		Release|ARM = Release|ARM
		Release|iPhone = Release|iPhone
		Release|iPhoneSimulator = Release|iPhoneSimulator
		Release|x64 = Release|x64
		Release|x86 = Release|x86
	EndGlobalSection
	GlobalSection(ProjectConfigurationPlatforms) = postSolution
		{764BEF09-6BD3-40A4-8BD4-4B0EB9F9F72B}.Ad-Hoc|Any CPU.ActiveCfg = Release|Any CPU
		{764BEF09-6BD3-40A4-8BD4-4B0EB9F9F72B}.Ad-Hoc|Any CPU.Build.0 = Release|Any CPU
		{764BEF09-6BD3-40A4-8BD4-4B0EB9F9F72B}.Ad-Hoc|Any CPU.Deploy.0 = Release|Any CPU
		{764BEF09-6BD3-40A4-8BD4-4B0EB9F9F72B}.Ad-Hoc|ARM.ActiveCfg = Release|Any CPU
		{764BEF09-6BD3-40A4-8BD4-4B0EB9F9F72B}.Ad-Hoc|ARM.Build.0 = Release|Any CPU
		{764BEF09-6BD3-40A4-8BD4-4B0EB9F9F72B}.Ad-Hoc|ARM.Deploy.0 = Release|Any CPU
		{764BEF09-6BD3-40A4-8BD4-4B0EB9F9F72B}.Ad-Hoc|iPhone.ActiveCfg = Release|Any CPU
		{764BEF09-6BD3-40A4-8BD4-4B0EB9F9F72B}.Ad-Hoc|iPhone.Build.0 = Release|Any CPU
		{764BEF09-6BD3-40A4-8BD4-4B0EB9F9F72B}.Ad-Hoc|iPhone.Deploy.0 = Release|Any CPU
		{764BEF09-6BD3-40A4-8BD4-4B0EB9F9F72B}.Ad-Hoc|iPhoneSimulator.ActiveCfg = Release|Any CPU
		{764BEF09-6BD3-40A4-8BD4-4B0EB9F9F72B}.Ad-Hoc|iPhoneSimulator.Build.0 = Release|Any CPU
		{764BEF09-6BD3-40A4-8BD4-4B0EB9F9F72B}.Ad-Hoc|iPhoneSimulator.Deploy.0 = Release|Any CPU
		{764BEF09-6BD3-40A4-8BD4-4B0EB9F9F72B}.Ad-Hoc|x64.ActiveCfg = Release|Any CPU
		{764BEF09-6BD3-40A4-8BD4-4B0EB9F9F72B}.Ad-Hoc|x64.Build.0 = Release|Any CPU
		{764BEF09-6BD3-40A4-8BD4-4B0EB9F9F72B}.Ad-Hoc|x64.Deploy.0 = Release|Any CPU
		{764BEF09-6BD3-40A4-8BD4-4B0EB9F9F72B}.Ad-Hoc|x86.ActiveCfg = Release|Any CPU
		{764BEF09-6BD3-40A4-8BD4-4B0EB9F9F72B}.Ad-Hoc|x86.Build.0 = Release|Any CPU
		{764BEF09-6BD3-40A4-8BD4-4B0EB9F9F72B}.Ad-Hoc|x86.Deploy.0 = Release|Any CPU
		{764BEF09-6BD3-40A4-8BD4-4B0EB9F9F72B}.AppStore|Any CPU.ActiveCfg = Release|Any CPU
		{764BEF09-6BD3-40A4-8BD4-4B0EB9F9F72B}.AppStore|Any CPU.Build.0 = Release|Any CPU
		{764BEF09-6BD3-40A4-8BD4-4B0EB9F9F72B}.AppStore|Any CPU.Deploy.0 = Release|Any CPU
		{764BEF09-6BD3-40A4-8BD4-4B0EB9F9F72B}.AppStore|ARM.ActiveCfg = Release|Any CPU
		{764BEF09-6BD3-40A4-8BD4-4B0EB9F9F72B}.AppStore|ARM.Build.0 = Release|Any CPU
		{764BEF09-6BD3-40A4-8BD4-4B0EB9F9F72B}.AppStore|ARM.Deploy.0 = Release|Any CPU
		{764BEF09-6BD3-40A4-8BD4-4B0EB9F9F72B}.AppStore|iPhone.ActiveCfg = Release|Any CPU
		{764BEF09-6BD3-40A4-8BD4-4B0EB9F9F72B}.AppStore|iPhone.Build.0 = Release|Any CPU
		{764BEF09-6BD3-40A4-8BD4-4B0EB9F9F72B}.AppStore|iPhone.Deploy.0 = Release|Any CPU
		{764BEF09-6BD3-40A4-8BD4-4B0EB9F9F72B}.AppStore|iPhoneSimulator.ActiveCfg = Release|Any CPU
		{764BEF09-6BD3-40A4-8BD4-4B0EB9F9F72B}.AppStore|iPhoneSimulator.Build.0 = Release|Any CPU
		{764BEF09-6BD3-40A4-8BD4-4B0EB9F9F72B}.AppStore|iPhoneSimulator.Deploy.0 = Release|Any CPU
		{764BEF09-6BD3-40A4-8BD4-4B0EB9F9F72B}.AppStore|x64.ActiveCfg = Release|Any CPU
		{764BEF09-6BD3-40A4-8BD4-4B0EB9F9F72B}.AppStore|x64.Build.0 = Release|Any CPU
		{764BEF09-6BD3-40A4-8BD4-4B0EB9F9F72B}.AppStore|x64.Deploy.0 = Release|Any CPU
		{764BEF09-6BD3-40A4-8BD4-4B0EB9F9F72B}.AppStore|x86.ActiveCfg = Release|Any CPU
		{764BEF09-6BD3-40A4-8BD4-4B0EB9F9F72B}.AppStore|x86.Build.0 = Release|Any CPU
		{764BEF09-6BD3-40A4-8BD4-4B0EB9F9F72B}.AppStore|x86.Deploy.0 = Release|Any CPU
		{764BEF09-6BD3-40A4-8BD4-4B0EB9F9F72B}.Debug|Any CPU.ActiveCfg = Debug|Any CPU
		{764BEF09-6BD3-40A4-8BD4-4B0EB9F9F72B}.Debug|Any CPU.Build.0 = Debug|Any CPU
		{764BEF09-6BD3-40A4-8BD4-4B0EB9F9F72B}.Debug|Any CPU.Deploy.0 = Debug|Any CPU
		{764BEF09-6BD3-40A4-8BD4-4B0EB9F9F72B}.Debug|ARM.ActiveCfg = Debug|Any CPU
		{764BEF09-6BD3-40A4-8BD4-4B0EB9F9F72B}.Debug|ARM.Build.0 = Debug|Any CPU
		{764BEF09-6BD3-40A4-8BD4-4B0EB9F9F72B}.Debug|ARM.Deploy.0 = Debug|Any CPU
		{764BEF09-6BD3-40A4-8BD4-4B0EB9F9F72B}.Debug|iPhone.ActiveCfg = Debug|Any CPU
		{764BEF09-6BD3-40A4-8BD4-4B0EB9F9F72B}.Debug|iPhone.Build.0 = Debug|Any CPU
		{764BEF09-6BD3-40A4-8BD4-4B0EB9F9F72B}.Debug|iPhone.Deploy.0 = Debug|Any CPU
		{764BEF09-6BD3-40A4-8BD4-4B0EB9F9F72B}.Debug|iPhoneSimulator.ActiveCfg = Debug|Any CPU
		{764BEF09-6BD3-40A4-8BD4-4B0EB9F9F72B}.Debug|iPhoneSimulator.Build.0 = Debug|Any CPU
		{764BEF09-6BD3-40A4-8BD4-4B0EB9F9F72B}.Debug|iPhoneSimulator.Deploy.0 = Debug|Any CPU
		{764BEF09-6BD3-40A4-8BD4-4B0EB9F9F72B}.Debug|x64.ActiveCfg = Debug|Any CPU
		{764BEF09-6BD3-40A4-8BD4-4B0EB9F9F72B}.Debug|x64.Build.0 = Debug|Any CPU
		{764BEF09-6BD3-40A4-8BD4-4B0EB9F9F72B}.Debug|x64.Deploy.0 = Debug|Any CPU
		{764BEF09-6BD3-40A4-8BD4-4B0EB9F9F72B}.Debug|x86.ActiveCfg = Debug|Any CPU
		{764BEF09-6BD3-40A4-8BD4-4B0EB9F9F72B}.Debug|x86.Build.0 = Debug|Any CPU
		{764BEF09-6BD3-40A4-8BD4-4B0EB9F9F72B}.Debug|x86.Deploy.0 = Debug|Any CPU
		{764BEF09-6BD3-40A4-8BD4-4B0EB9F9F72B}.Release|Any CPU.ActiveCfg = Release|Any CPU
		{764BEF09-6BD3-40A4-8BD4-4B0EB9F9F72B}.Release|Any CPU.Build.0 = Release|Any CPU
		{764BEF09-6BD3-40A4-8BD4-4B0EB9F9F72B}.Release|Any CPU.Deploy.0 = Release|Any CPU
		{764BEF09-6BD3-40A4-8BD4-4B0EB9F9F72B}.Release|ARM.ActiveCfg = Release|Any CPU
		{764BEF09-6BD3-40A4-8BD4-4B0EB9F9F72B}.Release|ARM.Build.0 = Release|Any CPU
		{764BEF09-6BD3-40A4-8BD4-4B0EB9F9F72B}.Release|ARM.Deploy.0 = Release|Any CPU
		{764BEF09-6BD3-40A4-8BD4-4B0EB9F9F72B}.Release|iPhone.ActiveCfg = Release|Any CPU
		{764BEF09-6BD3-40A4-8BD4-4B0EB9F9F72B}.Release|iPhone.Build.0 = Release|Any CPU
		{764BEF09-6BD3-40A4-8BD4-4B0EB9F9F72B}.Release|iPhone.Deploy.0 = Release|Any CPU
		{764BEF09-6BD3-40A4-8BD4-4B0EB9F9F72B}.Release|iPhoneSimulator.ActiveCfg = Release|Any CPU
		{764BEF09-6BD3-40A4-8BD4-4B0EB9F9F72B}.Release|iPhoneSimulator.Build.0 = Release|Any CPU
		{764BEF09-6BD3-40A4-8BD4-4B0EB9F9F72B}.Release|iPhoneSimulator.Deploy.0 = Release|Any CPU
		{764BEF09-6BD3-40A4-8BD4-4B0EB9F9F72B}.Release|x64.ActiveCfg = Release|Any CPU
		{764BEF09-6BD3-40A4-8BD4-4B0EB9F9F72B}.Release|x64.Build.0 = Release|Any CPU
		{764BEF09-6BD3-40A4-8BD4-4B0EB9F9F72B}.Release|x64.Deploy.0 = Release|Any CPU
		{764BEF09-6BD3-40A4-8BD4-4B0EB9F9F72B}.Release|x86.ActiveCfg = Release|Any CPU
		{764BEF09-6BD3-40A4-8BD4-4B0EB9F9F72B}.Release|x86.Build.0 = Release|Any CPU
		{764BEF09-6BD3-40A4-8BD4-4B0EB9F9F72B}.Release|x86.Deploy.0 = Release|Any CPU
		{D1A17DC6-79BA-47A5-87F9-47AEF358D8FA}.Ad-Hoc|Any CPU.ActiveCfg = Release|Any CPU
		{D1A17DC6-79BA-47A5-87F9-47AEF358D8FA}.Ad-Hoc|Any CPU.Build.0 = Release|Any CPU
		{D1A17DC6-79BA-47A5-87F9-47AEF358D8FA}.Ad-Hoc|ARM.ActiveCfg = Release|Any CPU
		{D1A17DC6-79BA-47A5-87F9-47AEF358D8FA}.Ad-Hoc|ARM.Build.0 = Release|Any CPU
		{D1A17DC6-79BA-47A5-87F9-47AEF358D8FA}.Ad-Hoc|iPhone.ActiveCfg = Release|Any CPU
		{D1A17DC6-79BA-47A5-87F9-47AEF358D8FA}.Ad-Hoc|iPhone.Build.0 = Release|Any CPU
		{D1A17DC6-79BA-47A5-87F9-47AEF358D8FA}.Ad-Hoc|iPhoneSimulator.ActiveCfg = Release|Any CPU
		{D1A17DC6-79BA-47A5-87F9-47AEF358D8FA}.Ad-Hoc|iPhoneSimulator.Build.0 = Release|Any CPU
		{D1A17DC6-79BA-47A5-87F9-47AEF358D8FA}.Ad-Hoc|x64.ActiveCfg = Release|Any CPU
		{D1A17DC6-79BA-47A5-87F9-47AEF358D8FA}.Ad-Hoc|x64.Build.0 = Release|Any CPU
		{D1A17DC6-79BA-47A5-87F9-47AEF358D8FA}.Ad-Hoc|x86.ActiveCfg = Release|Any CPU
		{D1A17DC6-79BA-47A5-87F9-47AEF358D8FA}.Ad-Hoc|x86.Build.0 = Release|Any CPU
		{D1A17DC6-79BA-47A5-87F9-47AEF358D8FA}.AppStore|Any CPU.ActiveCfg = Release|Any CPU
		{D1A17DC6-79BA-47A5-87F9-47AEF358D8FA}.AppStore|Any CPU.Build.0 = Release|Any CPU
		{D1A17DC6-79BA-47A5-87F9-47AEF358D8FA}.AppStore|ARM.ActiveCfg = Release|Any CPU
		{D1A17DC6-79BA-47A5-87F9-47AEF358D8FA}.AppStore|ARM.Build.0 = Release|Any CPU
		{D1A17DC6-79BA-47A5-87F9-47AEF358D8FA}.AppStore|iPhone.ActiveCfg = Release|Any CPU
		{D1A17DC6-79BA-47A5-87F9-47AEF358D8FA}.AppStore|iPhone.Build.0 = Release|Any CPU
		{D1A17DC6-79BA-47A5-87F9-47AEF358D8FA}.AppStore|iPhoneSimulator.ActiveCfg = Release|Any CPU
		{D1A17DC6-79BA-47A5-87F9-47AEF358D8FA}.AppStore|iPhoneSimulator.Build.0 = Release|Any CPU
		{D1A17DC6-79BA-47A5-87F9-47AEF358D8FA}.AppStore|x64.ActiveCfg = Release|Any CPU
		{D1A17DC6-79BA-47A5-87F9-47AEF358D8FA}.AppStore|x64.Build.0 = Release|Any CPU
		{D1A17DC6-79BA-47A5-87F9-47AEF358D8FA}.AppStore|x86.ActiveCfg = Release|Any CPU
		{D1A17DC6-79BA-47A5-87F9-47AEF358D8FA}.AppStore|x86.Build.0 = Release|Any CPU
		{D1A17DC6-79BA-47A5-87F9-47AEF358D8FA}.Debug|Any CPU.ActiveCfg = Debug|Any CPU
		{D1A17DC6-79BA-47A5-87F9-47AEF358D8FA}.Debug|Any CPU.Build.0 = Debug|Any CPU
		{D1A17DC6-79BA-47A5-87F9-47AEF358D8FA}.Debug|ARM.ActiveCfg = Debug|Any CPU
		{D1A17DC6-79BA-47A5-87F9-47AEF358D8FA}.Debug|ARM.Build.0 = Debug|Any CPU
		{D1A17DC6-79BA-47A5-87F9-47AEF358D8FA}.Debug|iPhone.ActiveCfg = Debug|Any CPU
		{D1A17DC6-79BA-47A5-87F9-47AEF358D8FA}.Debug|iPhone.Build.0 = Debug|Any CPU
		{D1A17DC6-79BA-47A5-87F9-47AEF358D8FA}.Debug|iPhoneSimulator.ActiveCfg = Debug|Any CPU
		{D1A17DC6-79BA-47A5-87F9-47AEF358D8FA}.Debug|iPhoneSimulator.Build.0 = Debug|Any CPU
		{D1A17DC6-79BA-47A5-87F9-47AEF358D8FA}.Debug|x64.ActiveCfg = Debug|Any CPU
		{D1A17DC6-79BA-47A5-87F9-47AEF358D8FA}.Debug|x64.Build.0 = Debug|Any CPU
		{D1A17DC6-79BA-47A5-87F9-47AEF358D8FA}.Debug|x86.ActiveCfg = Debug|Any CPU
		{D1A17DC6-79BA-47A5-87F9-47AEF358D8FA}.Debug|x86.Build.0 = Debug|Any CPU
		{D1A17DC6-79BA-47A5-87F9-47AEF358D8FA}.Release|Any CPU.ActiveCfg = Release|Any CPU
		{D1A17DC6-79BA-47A5-87F9-47AEF358D8FA}.Release|Any CPU.Build.0 = Release|Any CPU
		{D1A17DC6-79BA-47A5-87F9-47AEF358D8FA}.Release|ARM.ActiveCfg = Release|Any CPU
		{D1A17DC6-79BA-47A5-87F9-47AEF358D8FA}.Release|ARM.Build.0 = Release|Any CPU
		{D1A17DC6-79BA-47A5-87F9-47AEF358D8FA}.Release|iPhone.ActiveCfg = Release|Any CPU
		{D1A17DC6-79BA-47A5-87F9-47AEF358D8FA}.Release|iPhone.Build.0 = Release|Any CPU
		{D1A17DC6-79BA-47A5-87F9-47AEF358D8FA}.Release|iPhoneSimulator.ActiveCfg = Release|Any CPU
		{D1A17DC6-79BA-47A5-87F9-47AEF358D8FA}.Release|iPhoneSimulator.Build.0 = Release|Any CPU
		{D1A17DC6-79BA-47A5-87F9-47AEF358D8FA}.Release|x64.ActiveCfg = Release|Any CPU
		{D1A17DC6-79BA-47A5-87F9-47AEF358D8FA}.Release|x64.Build.0 = Release|Any CPU
		{D1A17DC6-79BA-47A5-87F9-47AEF358D8FA}.Release|x86.ActiveCfg = Release|Any CPU
		{D1A17DC6-79BA-47A5-87F9-47AEF358D8FA}.Release|x86.Build.0 = Release|Any CPU
		{FAC94A08-78E8-4F86-AB73-5390A182A11D}.Ad-Hoc|Any CPU.ActiveCfg = Release|x86
		{FAC94A08-78E8-4F86-AB73-5390A182A11D}.Ad-Hoc|Any CPU.Build.0 = Release|x86
		{FAC94A08-78E8-4F86-AB73-5390A182A11D}.Ad-Hoc|Any CPU.Deploy.0 = Release|x86
		{FAC94A08-78E8-4F86-AB73-5390A182A11D}.Ad-Hoc|ARM.ActiveCfg = Release|ARM
		{FAC94A08-78E8-4F86-AB73-5390A182A11D}.Ad-Hoc|ARM.Build.0 = Release|ARM
		{FAC94A08-78E8-4F86-AB73-5390A182A11D}.Ad-Hoc|ARM.Deploy.0 = Release|ARM
		{FAC94A08-78E8-4F86-AB73-5390A182A11D}.Ad-Hoc|iPhone.ActiveCfg = Release|x86
		{FAC94A08-78E8-4F86-AB73-5390A182A11D}.Ad-Hoc|iPhone.Build.0 = Release|x86
		{FAC94A08-78E8-4F86-AB73-5390A182A11D}.Ad-Hoc|iPhone.Deploy.0 = Release|x86
		{FAC94A08-78E8-4F86-AB73-5390A182A11D}.Ad-Hoc|iPhoneSimulator.ActiveCfg = Release|x86
		{FAC94A08-78E8-4F86-AB73-5390A182A11D}.Ad-Hoc|iPhoneSimulator.Build.0 = Release|x86
		{FAC94A08-78E8-4F86-AB73-5390A182A11D}.Ad-Hoc|iPhoneSimulator.Deploy.0 = Release|x86
		{FAC94A08-78E8-4F86-AB73-5390A182A11D}.Ad-Hoc|x64.ActiveCfg = Release|x64
		{FAC94A08-78E8-4F86-AB73-5390A182A11D}.Ad-Hoc|x64.Build.0 = Release|x64
		{FAC94A08-78E8-4F86-AB73-5390A182A11D}.Ad-Hoc|x64.Deploy.0 = Release|x64
		{FAC94A08-78E8-4F86-AB73-5390A182A11D}.Ad-Hoc|x86.ActiveCfg = Release|x86
		{FAC94A08-78E8-4F86-AB73-5390A182A11D}.Ad-Hoc|x86.Build.0 = Release|x86
		{FAC94A08-78E8-4F86-AB73-5390A182A11D}.Ad-Hoc|x86.Deploy.0 = Release|x86
		{FAC94A08-78E8-4F86-AB73-5390A182A11D}.AppStore|Any CPU.ActiveCfg = Release|x86
		{FAC94A08-78E8-4F86-AB73-5390A182A11D}.AppStore|Any CPU.Build.0 = Release|x86
		{FAC94A08-78E8-4F86-AB73-5390A182A11D}.AppStore|Any CPU.Deploy.0 = Release|x86
		{FAC94A08-78E8-4F86-AB73-5390A182A11D}.AppStore|ARM.ActiveCfg = Release|ARM
		{FAC94A08-78E8-4F86-AB73-5390A182A11D}.AppStore|ARM.Build.0 = Release|ARM
		{FAC94A08-78E8-4F86-AB73-5390A182A11D}.AppStore|ARM.Deploy.0 = Release|ARM
		{FAC94A08-78E8-4F86-AB73-5390A182A11D}.AppStore|iPhone.ActiveCfg = Release|x86
		{FAC94A08-78E8-4F86-AB73-5390A182A11D}.AppStore|iPhone.Build.0 = Release|x86
		{FAC94A08-78E8-4F86-AB73-5390A182A11D}.AppStore|iPhone.Deploy.0 = Release|x86
		{FAC94A08-78E8-4F86-AB73-5390A182A11D}.AppStore|iPhoneSimulator.ActiveCfg = Release|x86
		{FAC94A08-78E8-4F86-AB73-5390A182A11D}.AppStore|iPhoneSimulator.Build.0 = Release|x86
		{FAC94A08-78E8-4F86-AB73-5390A182A11D}.AppStore|iPhoneSimulator.Deploy.0 = Release|x86
		{FAC94A08-78E8-4F86-AB73-5390A182A11D}.AppStore|x64.ActiveCfg = Release|x64
		{FAC94A08-78E8-4F86-AB73-5390A182A11D}.AppStore|x64.Build.0 = Release|x64
		{FAC94A08-78E8-4F86-AB73-5390A182A11D}.AppStore|x64.Deploy.0 = Release|x64
		{FAC94A08-78E8-4F86-AB73-5390A182A11D}.AppStore|x86.ActiveCfg = Release|x86
		{FAC94A08-78E8-4F86-AB73-5390A182A11D}.AppStore|x86.Build.0 = Release|x86
		{FAC94A08-78E8-4F86-AB73-5390A182A11D}.AppStore|x86.Deploy.0 = Release|x86
		{FAC94A08-78E8-4F86-AB73-5390A182A11D}.Debug|Any CPU.ActiveCfg = Debug|x86
		{FAC94A08-78E8-4F86-AB73-5390A182A11D}.Debug|ARM.ActiveCfg = Debug|ARM
		{FAC94A08-78E8-4F86-AB73-5390A182A11D}.Debug|ARM.Build.0 = Debug|ARM
		{FAC94A08-78E8-4F86-AB73-5390A182A11D}.Debug|ARM.Deploy.0 = Debug|ARM
		{FAC94A08-78E8-4F86-AB73-5390A182A11D}.Debug|iPhone.ActiveCfg = Debug|x86
		{FAC94A08-78E8-4F86-AB73-5390A182A11D}.Debug|iPhoneSimulator.ActiveCfg = Debug|x86
		{FAC94A08-78E8-4F86-AB73-5390A182A11D}.Debug|x64.ActiveCfg = Debug|x64
		{FAC94A08-78E8-4F86-AB73-5390A182A11D}.Debug|x64.Build.0 = Debug|x64
		{FAC94A08-78E8-4F86-AB73-5390A182A11D}.Debug|x64.Deploy.0 = Debug|x64
		{FAC94A08-78E8-4F86-AB73-5390A182A11D}.Debug|x86.ActiveCfg = Debug|x86
		{FAC94A08-78E8-4F86-AB73-5390A182A11D}.Debug|x86.Build.0 = Debug|x86
		{FAC94A08-78E8-4F86-AB73-5390A182A11D}.Debug|x86.Deploy.0 = Debug|x86
		{FAC94A08-78E8-4F86-AB73-5390A182A11D}.Release|Any CPU.ActiveCfg = Release|x86
		{FAC94A08-78E8-4F86-AB73-5390A182A11D}.Release|ARM.ActiveCfg = Release|ARM
		{FAC94A08-78E8-4F86-AB73-5390A182A11D}.Release|ARM.Build.0 = Release|ARM
		{FAC94A08-78E8-4F86-AB73-5390A182A11D}.Release|ARM.Deploy.0 = Release|ARM
		{FAC94A08-78E8-4F86-AB73-5390A182A11D}.Release|iPhone.ActiveCfg = Release|x86
		{FAC94A08-78E8-4F86-AB73-5390A182A11D}.Release|iPhoneSimulator.ActiveCfg = Release|x86
		{FAC94A08-78E8-4F86-AB73-5390A182A11D}.Release|x64.ActiveCfg = Release|x64
		{FAC94A08-78E8-4F86-AB73-5390A182A11D}.Release|x64.Build.0 = Release|x64
		{FAC94A08-78E8-4F86-AB73-5390A182A11D}.Release|x64.Deploy.0 = Release|x64
		{FAC94A08-78E8-4F86-AB73-5390A182A11D}.Release|x86.ActiveCfg = Release|x86
		{FAC94A08-78E8-4F86-AB73-5390A182A11D}.Release|x86.Build.0 = Release|x86
		{FAC94A08-78E8-4F86-AB73-5390A182A11D}.Release|x86.Deploy.0 = Release|x86
		{FA4A91EB-C721-4942-A8DA-5703D35B66D5}.Ad-Hoc|Any CPU.ActiveCfg = Ad-Hoc|iPhoneSimulator
		{FA4A91EB-C721-4942-A8DA-5703D35B66D5}.Ad-Hoc|ARM.ActiveCfg = Ad-Hoc|iPhone
		{FA4A91EB-C721-4942-A8DA-5703D35B66D5}.Ad-Hoc|iPhone.ActiveCfg = Ad-Hoc|iPhone
		{FA4A91EB-C721-4942-A8DA-5703D35B66D5}.Ad-Hoc|iPhone.Build.0 = Ad-Hoc|iPhone
		{FA4A91EB-C721-4942-A8DA-5703D35B66D5}.Ad-Hoc|iPhoneSimulator.ActiveCfg = Ad-Hoc|iPhoneSimulator
		{FA4A91EB-C721-4942-A8DA-5703D35B66D5}.Ad-Hoc|iPhoneSimulator.Build.0 = Ad-Hoc|iPhoneSimulator
		{FA4A91EB-C721-4942-A8DA-5703D35B66D5}.Ad-Hoc|x64.ActiveCfg = Ad-Hoc|iPhone
		{FA4A91EB-C721-4942-A8DA-5703D35B66D5}.Ad-Hoc|x86.ActiveCfg = Ad-Hoc|iPhone
		{FA4A91EB-C721-4942-A8DA-5703D35B66D5}.AppStore|Any CPU.ActiveCfg = AppStore|iPhoneSimulator
		{FA4A91EB-C721-4942-A8DA-5703D35B66D5}.AppStore|ARM.ActiveCfg = AppStore|iPhone
		{FA4A91EB-C721-4942-A8DA-5703D35B66D5}.AppStore|iPhone.ActiveCfg = AppStore|iPhone
		{FA4A91EB-C721-4942-A8DA-5703D35B66D5}.AppStore|iPhone.Build.0 = AppStore|iPhone
		{FA4A91EB-C721-4942-A8DA-5703D35B66D5}.AppStore|iPhoneSimulator.ActiveCfg = AppStore|iPhoneSimulator
		{FA4A91EB-C721-4942-A8DA-5703D35B66D5}.AppStore|iPhoneSimulator.Build.0 = AppStore|iPhoneSimulator
		{FA4A91EB-C721-4942-A8DA-5703D35B66D5}.AppStore|x64.ActiveCfg = AppStore|iPhone
		{FA4A91EB-C721-4942-A8DA-5703D35B66D5}.AppStore|x86.ActiveCfg = AppStore|iPhone
		{FA4A91EB-C721-4942-A8DA-5703D35B66D5}.Debug|Any CPU.ActiveCfg = Debug|iPhoneSimulator
		{FA4A91EB-C721-4942-A8DA-5703D35B66D5}.Debug|ARM.ActiveCfg = Debug|iPhone
		{FA4A91EB-C721-4942-A8DA-5703D35B66D5}.Debug|iPhone.ActiveCfg = Debug|iPhone
		{FA4A91EB-C721-4942-A8DA-5703D35B66D5}.Debug|iPhone.Build.0 = Debug|iPhone
		{FA4A91EB-C721-4942-A8DA-5703D35B66D5}.Debug|iPhoneSimulator.ActiveCfg = Debug|iPhoneSimulator
		{FA4A91EB-C721-4942-A8DA-5703D35B66D5}.Debug|iPhoneSimulator.Build.0 = Debug|iPhoneSimulator
		{FA4A91EB-C721-4942-A8DA-5703D35B66D5}.Debug|x64.ActiveCfg = Debug|iPhone
		{FA4A91EB-C721-4942-A8DA-5703D35B66D5}.Debug|x86.ActiveCfg = Debug|iPhone
		{FA4A91EB-C721-4942-A8DA-5703D35B66D5}.Release|Any CPU.ActiveCfg = Release|iPhoneSimulator
		{FA4A91EB-C721-4942-A8DA-5703D35B66D5}.Release|ARM.ActiveCfg = Release|iPhone
		{FA4A91EB-C721-4942-A8DA-5703D35B66D5}.Release|iPhone.ActiveCfg = Release|iPhone
		{FA4A91EB-C721-4942-A8DA-5703D35B66D5}.Release|iPhone.Build.0 = Release|iPhone
		{FA4A91EB-C721-4942-A8DA-5703D35B66D5}.Release|iPhoneSimulator.ActiveCfg = Release|iPhoneSimulator
		{FA4A91EB-C721-4942-A8DA-5703D35B66D5}.Release|iPhoneSimulator.Build.0 = Release|iPhoneSimulator
		{FA4A91EB-C721-4942-A8DA-5703D35B66D5}.Release|x64.ActiveCfg = Release|iPhone
		{FA4A91EB-C721-4942-A8DA-5703D35B66D5}.Release|x86.ActiveCfg = Release|iPhone
	EndGlobalSection
	GlobalSection(SolutionProperties) = preSolution
		HideSolutionNode = FALSE
	EndGlobalSection
	GlobalSection(ExtensibilityGlobals) = postSolution
		SolutionGuid = {60231DF4-6D68-4AB3-AC52-25C72156E327}
	EndGlobalSection
EndGlobal
